// !$*UTF8*$!
{
	archiveVersion = 1;
	classes = {
	};
	objectVersion = 77;
	objects = {

/* Begin PBXBuildFile section */
		3D80F3F32EC8790A00354E75 /* MyLibrary in Frameworks */ = {isa = PBXBuildFile; productRef = 3D80F3F22EC8790A00354E75 /* MyLibrary */; };
		3D80F3F62EC87DFD00354E75 /* MyLibrary in Frameworks */ = {isa = PBXBuildFile; productRef = 3D80F3F52EC87DFD00354E75 /* MyLibrary */; };
		3D80F3F92EC87E3D00354E75 /* MyLibrary2 in Frameworks */ = {isa = PBXBuildFile; productRef = 3D80F3F82EC87E3D00354E75 /* MyLibrary2 */; };
/* End PBXBuildFile section */

/* Begin PBXContainerItemProxy section */
		3D80F3C32EC870F600354E75 /* PBXContainerItemProxy */ = {
			isa = PBXContainerItemProxy;
			containerPortal = 3D80F3AD2EC870F400354E75 /* Project object */;
			proxyType = 1;
			remoteGlobalIDString = 3D80F3B42EC870F400354E75;
			remoteInfo = ModuleSample;
		};
		3D80F3CD2EC870F600354E75 /* PBXContainerItemProxy */ = {
			isa = PBXContainerItemProxy;
			containerPortal = 3D80F3AD2EC870F400354E75 /* Project object */;
			proxyType = 1;
			remoteGlobalIDString = 3D80F3B42EC870F400354E75;
			remoteInfo = ModuleSample;
		};
/* End PBXContainerItemProxy section */

/* Begin PBXFileReference section */
		3D80F3B52EC870F400354E75 /* ModuleSample.app */ = {isa = PBXFileReference; explicitFileType = wrapper.application; includeInIndex = 0; path = ModuleSample.app; sourceTree = BUILT_PRODUCTS_DIR; };
		3D80F3C22EC870F600354E75 /* ModuleSampleTests.xctest */ = {isa = PBXFileReference; explicitFileType = wrapper.cfbundle; includeInIndex = 0; path = ModuleSampleTests.xctest; sourceTree = BUILT_PRODUCTS_DIR; };
		3D80F3CC2EC870F600354E75 /* ModuleSampleUITests.xctest */ = {isa = PBXFileReference; explicitFileType = wrapper.cfbundle; includeInIndex = 0; path = ModuleSampleUITests.xctest; sourceTree = BUILT_PRODUCTS_DIR; };
/* End PBXFileReference section */

/* Begin PBXFileSystemSynchronizedBuildFileExceptionSet section */
		3D80F3E02EC8719000354E75 /* Exceptions for "ModuleSample" folder in "ModuleSample" target */ = {
			isa = PBXFileSystemSynchronizedBuildFileExceptionSet;
			membershipExceptions = (
				MyLibrary,
			);
			target = 3D80F3B42EC870F400354E75 /* ModuleSample */;
		};
/* End PBXFileSystemSynchronizedBuildFileExceptionSet section */

/* Begin PBXFileSystemSynchronizedRootGroup section */
		3D80F3B72EC870F400354E75 /* ModuleSample */ = {
			isa = PBXFileSystemSynchronizedRootGroup;
			exceptions = (
				3D80F3E02EC8719000354E75 /* Exceptions for "ModuleSample" folder in "ModuleSample" target */,
			);
			path = ModuleSample;
			sourceTree = "<group>";
		};
		3D80F3C52EC870F600354E75 /* ModuleSampleTests */ = {
			isa = PBXFileSystemSynchronizedRootGroup;
			path = ModuleSampleTests;
			sourceTree = "<group>";
		};
		3D80F3CF2EC870F600354E75 /* ModuleSampleUITests */ = {
			isa = PBXFileSystemSynchronizedRootGroup;
			path = ModuleSampleUITests;
			sourceTree = "<group>";
		};
/* End PBXFileSystemSynchronizedRootGroup section */

/* Begin PBXFrameworksBuildPhase section */
		3D80F3B22EC870F400354E75 /* Frameworks */ = {
			isa = PBXFrameworksBuildPhase;
			buildActionMask = 2147483647;
			files = (
				3D80F3F62EC87DFD00354E75 /* MyLibrary in Frameworks */,
				3D80F3F92EC87E3D00354E75 /* MyLibrary2 in Frameworks */,
				3D80F3F32EC8790A00354E75 /* MyLibrary in Frameworks */,
			);
			runOnlyForDeploymentPostprocessing = 0;
		};
		3D80F3BF2EC870F600354E75 /* Frameworks */ = {
			isa = PBXFrameworksBuildPhase;
			buildActionMask = 2147483647;
			files = (
			);
			runOnlyForDeploymentPostprocessing = 0;
		};
		3D80F3C92EC870F600354E75 /* Frameworks */ = {
			isa = PBXFrameworksBuildPhase;
			buildActionMask = 2147483647;
			files = (
			);
			runOnlyForDeploymentPostprocessing = 0;
		};
/* End PBXFrameworksBuildPhase section */

/* Begin PBXGroup section */
		3D80F3AC2EC870F400354E75 = {
			isa = PBXGroup;
			children = (
				3D80F3B72EC870F400354E75 /* ModuleSample */,
				3D80F3C52EC870F600354E75 /* ModuleSampleTests */,
				3D80F3CF2EC870F600354E75 /* ModuleSampleUITests */,
				3D80F3B62EC870F400354E75 /* Products */,
			);
			sourceTree = "<group>";
		};
		3D80F3B62EC870F400354E75 /* Products */ = {
			isa = PBXGroup;
			children = (
				3D80F3B52EC870F400354E75 /* ModuleSample.app */,
				3D80F3C22EC870F600354E75 /* ModuleSampleTests.xctest */,
				3D80F3CC2EC870F600354E75 /* ModuleSampleUITests.xctest */,
			);
			name = Products;
			sourceTree = "<group>";
		};
/* End PBXGroup section */

/* Begin PBXNativeTarget section */
		3D80F3B42EC870F400354E75 /* ModuleSample */ = {
			isa = PBXNativeTarget;
			buildConfigurationList = 3D80F3D62EC870F600354E75 /* Build configuration list for PBXNativeTarget "ModuleSample" */;
			buildPhases = (
				3D80F3B12EC870F400354E75 /* Sources */,
				3D80F3B22EC870F400354E75 /* Frameworks */,
				3D80F3B32EC870F400354E75 /* Resources */,
			);
			buildRules = (
			);
			dependencies = (
			);
			fileSystemSynchronizedGroups = (
				3D80F3B72EC870F400354E75 /* ModuleSample */,
			);
			name = ModuleSample;
			packageProductDependencies = (
				3D80F3F22EC8790A00354E75 /* MyLibrary */,
				3D80F3F52EC87DFD00354E75 /* MyLibrary */,
				3D80F3F82EC87E3D00354E75 /* MyLibrary2 */,
			);
			productName = ModuleSample;
			productReference = 3D80F3B52EC870F400354E75 /* ModuleSample.app */;
			productType = "com.apple.product-type.application";
		};
		3D80F3C12EC870F600354E75 /* ModuleSampleTests */ = {
			isa = PBXNativeTarget;
			buildConfigurationList = 3D80F3D92EC870F600354E75 /* Build configuration list for PBXNativeTarget "ModuleSampleTests" */;
			buildPhases = (
				3D80F3BE2EC870F600354E75 /* Sources */,
				3D80F3BF2EC870F600354E75 /* Frameworks */,
				3D80F3C02EC870F600354E75 /* Resources */,
			);
			buildRules = (
			);
			dependencies = (
				3D80F3C42EC870F600354E75 /* PBXTargetDependency */,
			);
			fileSystemSynchronizedGroups = (
				3D80F3C52EC870F600354E75 /* ModuleSampleTests */,
			);
			name = ModuleSampleTests;
			packageProductDependencies = (
			);
			productName = ModuleSampleTests;
			productReference = 3D80F3C22EC870F600354E75 /* ModuleSampleTests.xctest */;
			productType = "com.apple.product-type.bundle.unit-test";
		};
		3D80F3CB2EC870F600354E75 /* ModuleSampleUITests */ = {
			isa = PBXNativeTarget;
			buildConfigurationList = 3D80F3DC2EC870F600354E75 /* Build configuration list for PBXNativeTarget "ModuleSampleUITests" */;
			buildPhases = (
				3D80F3C82EC870F600354E75 /* Sources */,
				3D80F3C92EC870F600354E75 /* Frameworks */,
				3D80F3CA2EC870F600354E75 /* Resources */,
			);
			buildRules = (
			);
			dependencies = (
				3D80F3CE2EC870F600354E75 /* PBXTargetDependency */,
			);
			fileSystemSynchronizedGroups = (
				3D80F3CF2EC870F600354E75 /* ModuleSampleUITests */,
			);
			name = ModuleSampleUITests;
			packageProductDependencies = (
			);
			productName = ModuleSampleUITests;
			productReference = 3D80F3CC2EC870F600354E75 /* ModuleSampleUITests.xctest */;
			productType = "com.apple.product-type.bundle.ui-testing";
		};
/* End PBXNativeTarget section */

/* Begin PBXProject section */
		3D80F3AD2EC870F400354E75 /* Project object */ = {
			isa = PBXProject;
			attributes = {
				BuildIndependentTargetsInParallel = 1;
				LastSwiftUpdateCheck = 1640;
				LastUpgradeCheck = 1640;
				TargetAttributes = {
					3D80F3B42EC870F400354E75 = {
						CreatedOnToolsVersion = 16.4;
					};
					3D80F3C12EC870F600354E75 = {
						CreatedOnToolsVersion = 16.4;
						TestTargetID = 3D80F3B42EC870F400354E75;
					};
					3D80F3CB2EC870F600354E75 = {
						CreatedOnToolsVersion = 16.4;
						TestTargetID = 3D80F3B42EC870F400354E75;
					};
				};
			};
			buildConfigurationList = 3D80F3B02EC870F400354E75 /* Build configuration list for PBXProject "ModuleSample" */;
			developmentRegion = en;
			hasScannedForEncodings = 0;
			knownRegions = (
				en,
				Base,
			);
			mainGroup = 3D80F3AC2EC870F400354E75;
			minimizedProjectReferenceProxies = 1;
			packageReferences = (
				3D80F3F12EC8790A00354E75 /* XCLocalSwiftPackageReference "ModuleSample/MyLibrary" */,
				3D80F3F72EC87E3D00354E75 /* XCLocalSwiftPackageReference "ModuleSample/MyLibrary2" */,
			);
			preferredProjectObjectVersion = 77;
			productRefGroup = 3D80F3B62EC870F400354E75 /* Products */;
			projectDirPath = "";
			projectRoot = "";
			targets = (
				3D80F3B42EC870F400354E75 /* ModuleSample */,
				3D80F3C12EC870F600354E75 /* ModuleSampleTests */,
				3D80F3CB2EC870F600354E75 /* ModuleSampleUITests */,
			);
		};
/* End PBXProject section */

/* Begin PBXResourcesBuildPhase section */
		3D80F3B32EC870F400354E75 /* Resources */ = {
			isa = PBXResourcesBuildPhase;
			buildActionMask = 2147483647;
			files = (
			);
			runOnlyForDeploymentPostprocessing = 0;
		};
		3D80F3C02EC870F600354E75 /* Resources */ = {
			isa = PBXResourcesBuildPhase;
			buildActionMask = 2147483647;
			files = (
			);
			runOnlyForDeploymentPostprocessing = 0;
		};
		3D80F3CA2EC870F600354E75 /* Resources */ = {
			isa = PBXResourcesBuildPhase;
			buildActionMask = 2147483647;
			files = (
			);
			runOnlyForDeploymentPostprocessing = 0;
		};
/* End PBXResourcesBuildPhase section */

/* Begin PBXSourcesBuildPhase section */
		3D80F3B12EC870F400354E75 /* Sources */ = {
			isa = PBXSourcesBuildPhase;
			buildActionMask = 2147483647;
			files = (
			);
			runOnlyForDeploymentPostprocessing = 0;
		};
		3D80F3BE2EC870F600354E75 /* Sources */ = {
			isa = PBXSourcesBuildPhase;
			buildActionMask = 2147483647;
			files = (
			);
			runOnlyForDeploymentPostprocessing = 0;
		};
		3D80F3C82EC870F600354E75 /* Sources */ = {
			isa = PBXSourcesBuildPhase;
			buildActionMask = 2147483647;
			files = (
			);
			runOnlyForDeploymentPostprocessing = 0;
		};
/* End PBXSourcesBuildPhase section */

/* Begin PBXTargetDependency section */
		3D80F3C42EC870F600354E75 /* PBXTargetDependency */ = {
			isa = PBXTargetDependency;
			target = 3D80F3B42EC870F400354E75 /* ModuleSample */;
			targetProxy = 3D80F3C32EC870F600354E75 /* PBXContainerItemProxy */;
		};
		3D80F3CE2EC870F600354E75 /* PBXTargetDependency */ = {
			isa = PBXTargetDependency;
			target = 3D80F3B42EC870F400354E75 /* ModuleSample */;
			targetProxy = 3D80F3CD2EC870F600354E75 /* PBXContainerItemProxy */;
		};
/* End PBXTargetDependency section */

/* Begin XCBuildConfiguration section */
		3D80F3D42EC870F600354E75 /* Debug */ = {
			isa = XCBuildConfiguration;
			buildSettings = {
				ALWAYS_SEARCH_USER_PATHS = NO;
				ASSETCATALOG_COMPILER_GENERATE_SWIFT_ASSET_SYMBOL_EXTENSIONS = YES;
				CLANG_ANALYZER_NONNULL = YES;
				CLANG_ANALYZER_NUMBER_OBJECT_CONVERSION = YES_AGGRESSIVE;
				CLANG_CXX_LANGUAGE_STANDARD = "gnu++20";
				CLANG_ENABLE_MODULES = YES;
				CLANG_ENABLE_OBJC_ARC = YES;
				CLANG_ENABLE_OBJC_WEAK = YES;
				CLANG_WARN_BLOCK_CAPTURE_AUTORELEASING = YES;
				CLANG_WARN_BOOL_CONVERSION = YES;
				CLANG_WARN_COMMA = YES;
				CLANG_WARN_CONSTANT_CONVERSION = YES;
				CLANG_WARN_DEPRECATED_OBJC_IMPLEMENTATIONS = YES;
				CLANG_WARN_DIRECT_OBJC_ISA_USAGE = YES_ERROR;
				CLANG_WARN_DOCUMENTATION_COMMENTS = YES;
				CLANG_WARN_EMPTY_BODY = YES;
				CLANG_WARN_ENUM_CONVERSION = YES;
				CLANG_WARN_INFINITE_RECURSION = YES;
				CLANG_WARN_INT_CONVERSION = YES;
				CLANG_WARN_NON_LITERAL_NULL_CONVERSION = YES;
				CLANG_WARN_OBJC_IMPLICIT_RETAIN_SELF = YES;
				CLANG_WARN_OBJC_LITERAL_CONVERSION = YES;
				CLANG_WARN_OBJC_ROOT_CLASS = YES_ERROR;
				CLANG_WARN_QUOTED_INCLUDE_IN_FRAMEWORK_HEADER = YES;
				CLANG_WARN_RANGE_LOOP_ANALYSIS = YES;
				CLANG_WARN_STRICT_PROTOTYPES = YES;
				CLANG_WARN_SUSPICIOUS_MOVE = YES;
				CLANG_WARN_UNGUARDED_AVAILABILITY = YES_AGGRESSIVE;
				CLANG_WARN_UNREACHABLE_CODE = YES;
				CLANG_WARN__DUPLICATE_METHOD_MATCH = YES;
				COPY_PHASE_STRIP = NO;
				DEBUG_INFORMATION_FORMAT = dwarf;
				ENABLE_STRICT_OBJC_MSGSEND = YES;
				ENABLE_TESTABILITY = YES;
				ENABLE_USER_SCRIPT_SANDBOXING = YES;
				GCC_C_LANGUAGE_STANDARD = gnu17;
				GCC_DYNAMIC_NO_PIC = NO;
				GCC_NO_COMMON_BLOCKS = YES;
				GCC_OPTIMIZATION_LEVEL = 0;
				GCC_PREPROCESSOR_DEFINITIONS = (
					"DEBUG=1",
					"$(inherited)",
				);
				GCC_WARN_64_TO_32_BIT_CONVERSION = YES;
				GCC_WARN_ABOUT_RETURN_TYPE = YES_ERROR;
				GCC_WARN_UNDECLARED_SELECTOR = YES;
				GCC_WARN_UNINITIALIZED_AUTOS = YES_AGGRESSIVE;
				GCC_WARN_UNUSED_FUNCTION = YES;
				GCC_WARN_UNUSED_VARIABLE = YES;
				IPHONEOS_DEPLOYMENT_TARGET = 18.5;
				LOCALIZATION_PREFERS_STRING_CATALOGS = YES;
				MTL_ENABLE_DEBUG_INFO = INCLUDE_SOURCE;
				MTL_FAST_MATH = YES;
				ONLY_ACTIVE_ARCH = YES;
				SDKROOT = iphoneos;
				SWIFT_ACTIVE_COMPILATION_CONDITIONS = "DEBUG $(inherited)";
				SWIFT_OPTIMIZATION_LEVEL = "-Onone";
			};
			name = Debug;
		};
		3D80F3D52EC870F600354E75 /* Release */ = {
			isa = XCBuildConfiguration;
			buildSettings = {
				ALWAYS_SEARCH_USER_PATHS = NO;
				ASSETCATALOG_COMPILER_GENERATE_SWIFT_ASSET_SYMBOL_EXTENSIONS = YES;
				CLANG_ANALYZER_NONNULL = YES;
				CLANG_ANALYZER_NUMBER_OBJECT_CONVERSION = YES_AGGRESSIVE;
				CLANG_CXX_LANGUAGE_STANDARD = "gnu++20";
				CLANG_ENABLE_MODULES = YES;
				CLANG_ENABLE_OBJC_ARC = YES;
				CLANG_ENABLE_OBJC_WEAK = YES;
				CLANG_WARN_BLOCK_CAPTURE_AUTORELEASING = YES;
				CLANG_WARN_BOOL_CONVERSION = YES;
				CLANG_WARN_COMMA = YES;
				CLANG_WARN_CONSTANT_CONVERSION = YES;
				CLANG_WARN_DEPRECATED_OBJC_IMPLEMENTATIONS = YES;
				CLANG_WARN_DIRECT_OBJC_ISA_USAGE = YES_ERROR;
				CLANG_WARN_DOCUMENTATION_COMMENTS = YES;
				CLANG_WARN_EMPTY_BODY = YES;
				CLANG_WARN_ENUM_CONVERSION = YES;
				CLANG_WARN_INFINITE_RECURSION = YES;
				CLANG_WARN_INT_CONVERSION = YES;
				CLANG_WARN_NON_LITERAL_NULL_CONVERSION = YES;
				CLANG_WARN_OBJC_IMPLICIT_RETAIN_SELF = YES;
				CLANG_WARN_OBJC_LITERAL_CONVERSION = YES;
				CLANG_WARN_OBJC_ROOT_CLASS = YES_ERROR;
				CLANG_WARN_QUOTED_INCLUDE_IN_FRAMEWORK_HEADER = YES;
				CLANG_WARN_RANGE_LOOP_ANALYSIS = YES;
				CLANG_WARN_STRICT_PROTOTYPES = YES;
				CLANG_WARN_SUSPICIOUS_MOVE = YES;
				CLANG_WARN_UNGUARDED_AVAILABILITY = YES_AGGRESSIVE;
				CLANG_WARN_UNREACHABLE_CODE = YES;
				CLANG_WARN__DUPLICATE_METHOD_MATCH = YES;
				COPY_PHASE_STRIP = NO;
				DEBUG_INFORMATION_FORMAT = "dwarf-with-dsym";
				ENABLE_NS_ASSERTIONS = NO;
				ENABLE_STRICT_OBJC_MSGSEND = YES;
				ENABLE_USER_SCRIPT_SANDBOXING = YES;
				GCC_C_LANGUAGE_STANDARD = gnu17;
				GCC_NO_COMMON_BLOCKS = YES;
				GCC_WARN_64_TO_32_BIT_CONVERSION = YES;
				GCC_WARN_ABOUT_RETURN_TYPE = YES_ERROR;
				GCC_WARN_UNDECLARED_SELECTOR = YES;
				GCC_WARN_UNINITIALIZED_AUTOS = YES_AGGRESSIVE;
				GCC_WARN_UNUSED_FUNCTION = YES;
				GCC_WARN_UNUSED_VARIABLE = YES;
				IPHONEOS_DEPLOYMENT_TARGET = 18.5;
				LOCALIZATION_PREFERS_STRING_CATALOGS = YES;
				MTL_ENABLE_DEBUG_INFO = NO;
				MTL_FAST_MATH = YES;
				SDKROOT = iphoneos;
				SWIFT_COMPILATION_MODE = wholemodule;
				VALIDATE_PRODUCT = YES;
			};
			name = Release;
		};
		3D80F3D72EC870F600354E75 /* Debug */ = {
			isa = XCBuildConfiguration;
			buildSettings = {
				ASSETCATALOG_COMPILER_APPICON_NAME = AppIcon;
				ASSETCATALOG_COMPILER_GLOBAL_ACCENT_COLOR_NAME = AccentColor;
				CODE_SIGN_STYLE = Automatic;
				CURRENT_PROJECT_VERSION = 1;
				ENABLE_PREVIEWS = YES;
				GENERATE_INFOPLIST_FILE = YES;
				INFOPLIST_KEY_UIApplicationSceneManifest_Generation = YES;
				INFOPLIST_KEY_UIApplicationSupportsIndirectInputEvents = YES;
				INFOPLIST_KEY_UILaunchScreen_Generation = YES;
				INFOPLIST_KEY_UISupportedInterfaceOrientations_iPad = "UIInterfaceOrientationPortrait UIInterfaceOrientationPortraitUpsideDown UIInterfaceOrientationLandscapeLeft UIInterfaceOrientationLandscapeRight";
				INFOPLIST_KEY_UISupportedInterfaceOrientations_iPhone = "UIInterfaceOrientationPortrait UIInterfaceOrientationLandscapeLeft UIInterfaceOrientationLandscapeRight";
				LD_RUNPATH_SEARCH_PATHS = (
					"$(inherited)",
					"@executable_path/Frameworks",
				);
				MARKETING_VERSION = 1.0;
				PRODUCT_BUNDLE_IDENTIFIER = s.identifier.ModuleSample;
				PRODUCT_NAME = "$(TARGET_NAME)";
				SWIFT_EMIT_LOC_STRINGS = YES;
				SWIFT_VERSION = 5.0;
				TARGETED_DEVICE_FAMILY = "1,2";
			};
			name = Debug;
		};
		3D80F3D82EC870F600354E75 /* Release */ = {
			isa = XCBuildConfiguration;
			buildSettings = {
				ASSETCATALOG_COMPILER_APPICON_NAME = AppIcon;
				ASSETCATALOG_COMPILER_GLOBAL_ACCENT_COLOR_NAME = AccentColor;
				CODE_SIGN_STYLE = Automatic;
				CURRENT_PROJECT_VERSION = 1;
				ENABLE_PREVIEWS = YES;
				GENERATE_INFOPLIST_FILE = YES;
				INFOPLIST_KEY_UIApplicationSceneManifest_Generation = YES;
				INFOPLIST_KEY_UIApplicationSupportsIndirectInputEvents = YES;
				INFOPLIST_KEY_UILaunchScreen_Generation = YES;
				INFOPLIST_KEY_UISupportedInterfaceOrientations_iPad = "UIInterfaceOrientationPortrait UIInterfaceOrientationPortraitUpsideDown UIInterfaceOrientationLandscapeLeft UIInterfaceOrientationLandscapeRight";
				INFOPLIST_KEY_UISupportedInterfaceOrientations_iPhone = "UIInterfaceOrientationPortrait UIInterfaceOrientationLandscapeLeft UIInterfaceOrientationLandscapeRight";
				LD_RUNPATH_SEARCH_PATHS = (
					"$(inherited)",
					"@executable_path/Frameworks",
				);
				MARKETING_VERSION = 1.0;
				PRODUCT_BUNDLE_IDENTIFIER = s.identifier.ModuleSample;
				PRODUCT_NAME = "$(TARGET_NAME)";
				SWIFT_EMIT_LOC_STRINGS = YES;
				SWIFT_VERSION = 5.0;
				TARGETED_DEVICE_FAMILY = "1,2";
			};
			name = Release;
		};
		3D80F3DA2EC870F600354E75 /* Debug */ = {
			isa = XCBuildConfiguration;
			buildSettings = {
				BUNDLE_LOADER = "$(TEST_HOST)";
				CODE_SIGN_STYLE = Automatic;
				CURRENT_PROJECT_VERSION = 1;
				GENERATE_INFOPLIST_FILE = YES;
				IPHONEOS_DEPLOYMENT_TARGET = 18.5;
				MARKETING_VERSION = 1.0;
				PRODUCT_BUNDLE_IDENTIFIER = s.identifier.ModuleSampleTests;
				PRODUCT_NAME = "$(TARGET_NAME)";
				SWIFT_EMIT_LOC_STRINGS = NO;
				SWIFT_VERSION = 5.0;
				TARGETED_DEVICE_FAMILY = "1,2";
				TEST_HOST = "$(BUILT_PRODUCTS_DIR)/ModuleSample.app/$(BUNDLE_EXECUTABLE_FOLDER_PATH)/ModuleSample";
			};
			name = Debug;
		};
		3D80F3DB2EC870F600354E75 /* Release */ = {
			isa = XCBuildConfiguration;
			buildSettings = {
				BUNDLE_LOADER = "$(TEST_HOST)";
				CODE_SIGN_STYLE = Automatic;
				CURRENT_PROJECT_VERSION = 1;
				GENERATE_INFOPLIST_FILE = YES;
				IPHONEOS_DEPLOYMENT_TARGET = 18.5;
				MARKETING_VERSION = 1.0;
				PRODUCT_BUNDLE_IDENTIFIER = s.identifier.ModuleSampleTests;
				PRODUCT_NAME = "$(TARGET_NAME)";
				SWIFT_EMIT_LOC_STRINGS = NO;
				SWIFT_VERSION = 5.0;
				TARGETED_DEVICE_FAMILY = "1,2";
				TEST_HOST = "$(BUILT_PRODUCTS_DIR)/ModuleSample.app/$(BUNDLE_EXECUTABLE_FOLDER_PATH)/ModuleSample";
			};
			name = Release;
		};
		3D80F3DD2EC870F600354E75 /* Debug */ = {
			isa = XCBuildConfiguration;
			buildSettings = {
				CODE_SIGN_STYLE = Automatic;
				CURRENT_PROJECT_VERSION = 1;
				GENERATE_INFOPLIST_FILE = YES;
				MARKETING_VERSION = 1.0;
				PRODUCT_BUNDLE_IDENTIFIER = s.identifier.ModuleSampleUITests;
				PRODUCT_NAME = "$(TARGET_NAME)";
				SWIFT_EMIT_LOC_STRINGS = NO;
				SWIFT_VERSION = 5.0;
				TARGETED_DEVICE_FAMILY = "1,2";
				TEST_TARGET_NAME = ModuleSample;
			};
			name = Debug;
		};
		3D80F3DE2EC870F600354E75 /* Release */ = {
			isa = XCBuildConfiguration;
			buildSettings = {
				CODE_SIGN_STYLE = Automatic;
				CURRENT_PROJECT_VERSION = 1;
				GENERATE_INFOPLIST_FILE = YES;
				MARKETING_VERSION = 1.0;
				PRODUCT_BUNDLE_IDENTIFIER = s.identifier.ModuleSampleUITests;
				PRODUCT_NAME = "$(TARGET_NAME)";
				SWIFT_EMIT_LOC_STRINGS = NO;
				SWIFT_VERSION = 5.0;
				TARGETED_DEVICE_FAMILY = "1,2";
				TEST_TARGET_NAME = ModuleSample;
			};
			name = Release;
		};
/* End XCBuildConfiguration section */

/* Begin XCConfigurationList section */
		3D80F3B02EC870F400354E75 /* Build configuration list for PBXProject "ModuleSample" */ = {
			isa = XCConfigurationList;
			buildConfigurations = (
				3D80F3D42EC870F600354E75 /* Debug */,
				3D80F3D52EC870F600354E75 /* Release */,
			);
			defaultConfigurationIsVisible = 0;
			defaultConfigurationName = Release;
		};
		3D80F3D62EC870F600354E75 /* Build configuration list for PBXNativeTarget "ModuleSample" */ = {
			isa = XCConfigurationList;
			buildConfigurations = (
				3D80F3D72EC870F600354E75 /* Debug */,
				3D80F3D82EC870F600354E75 /* Release */,
			);
			defaultConfigurationIsVisible = 0;
			defaultConfigurationName = Release;
		};
		3D80F3D92EC870F600354E75 /* Build configuration list for PBXNativeTarget "ModuleSampleTests" */ = {
			isa = XCConfigurationList;
			buildConfigurations = (
				3D80F3DA2EC870F600354E75 /* Debug */,
				3D80F3DB2EC870F600354E75 /* Release */,
			);
			defaultConfigurationIsVisible = 0;
			defaultConfigurationName = Release;
		};
		3D80F3DC2EC870F600354E75 /* Build configuration list for PBXNativeTarget "ModuleSampleUITests" */ = {
			isa = XCConfigurationList;
			buildConfigurations = (
				3D80F3DD2EC870F600354E75 /* Debug */,
				3D80F3DE2EC870F600354E75 /* Release */,
			);
			defaultConfigurationIsVisible = 0;
			defaultConfigurationName = Release;
		};
/* End XCConfigurationList section */

/* Begin XCLocalSwiftPackageReference section */
		3D80F3F12EC8790A00354E75 /* XCLocalSwiftPackageReference "ModuleSample/MyLibrary" */ = {
			isa = XCLocalSwiftPackageReference;
			relativePath = ModuleSample/MyLibrary;
		};
		3D80F3F72EC87E3D00354E75 /* XCLocalSwiftPackageReference "ModuleSample/MyLibrary2" */ = {
			isa = XCLocalSwiftPackageReference;
			relativePath = ModuleSample/MyLibrary2;
		};
/* End XCLocalSwiftPackageReference section */

/* Begin XCSwiftPackageProductDependency section */
		3D80F3F22EC8790A00354E75 /* MyLibrary */ = {
			isa = XCSwiftPackageProductDependency;
			productName = MyLibrary;
		};
		3D80F3F52EC87DFD00354E75 /* MyLibrary */ = {
			isa = XCSwiftPackageProductDependency;
			productName = MyLibrary;
		};
		3D80F3F82EC87E3D00354E75 /* MyLibrary2 */ = {
			isa = XCSwiftPackageProductDependency;
			productName = MyLibrary2;
		};
/* End XCSwiftPackageProductDependency section */
	};
	rootObject = 3D80F3AD2EC870F400354E75 /* Project object */;
}
